
Microsoft Visual Studio Solution File, Format Version 12.00
# Visual Studio Version 17
VisualStudioVersion = 17.11.35222.181
MinimumVisualStudioVersion = 10.0.40219.1
Project("{9A19103F-16F7-4668-BE54-9A1E7A4F7556}") = "SolitaireMahjongApp", "SolitaireMahjongApp.csproj", "{1D13B633-7752-4B7D-8C9F-A3941040BEF2}"
EndProject
Global
	GlobalSection(SolutionConfigurationPlatforms) = preSolution
		Debug|Any CPU = Debug|Any CPU
		Release|Any CPU = Release|Any CPU
	EndGlobalSection
	GlobalSection(ProjectConfigurationPlatforms) = postSolution
		{1D13B633-7752-4B7D-8C9F-A3941040BEF2}.Debug|Any CPU.ActiveCfg = Debug|Any CPU
		{1D13B633-7752-4B7D-8C9F-A3941040BEF2}.Debug|Any CPU.Build.0 = Debug|Any CPU
		{1D13B633-7752-4B7D-8C9F-A3941040BEF2}.Debug|Any CPU.Deploy.0 = Debug|Any CPU
		{1D13B633-7752-4B7D-8C9F-A3941040BEF2}.Release|Any CPU.ActiveCfg = Release|Any CPU
		{1D13B633-7752-4B7D-8C9F-A3941040BEF2}.Release|Any CPU.Build.0 = Release|Any CPU
		{1D13B633-7752-4B7D-8C9F-A3941040BEF2}.Release|Any CPU.Deploy.0 = Release|Any CPU
	EndGlobalSection
	GlobalSection(SolutionProperties) = preSolution
		HideSolutionNode = FALSE
	EndGlobalSection
	GlobalSection(ExtensibilityGlobals) = postSolution
		SolutionGuid = {17650A28-8DDD-4777-8202-6F930F3C228C}
	EndGlobalSection
EndGlobal
